
Microsoft Visual Studio Solution File, Format Version 12.00
# Visual Studio Version 17
VisualStudioVersion = 17.13.35931.197 d17.13
MinimumVisualStudioVersion = 10.0.40219.1
Project("{FAE04EC0-301F-11D3-BF4B-00C04F79EFBC}") = "Taller3_rtipantuña", "Taller3_rtipantuña\Taller3_rtipantuña.csproj", "{3A071FB1-3864-4835-AA37-C00CFFB8847E}"
EndProject
Global
	GlobalSection(SolutionConfigurationPlatforms) = preSolution
		Debug|Any CPU = Debug|Any CPU
		Release|Any CPU = Release|Any CPU
	EndGlobalSection
	GlobalSection(ProjectConfigurationPlatforms) = postSolution
		{3A071FB1-3864-4835-AA37-C00CFFB8847E}.Debug|Any CPU.ActiveCfg = Debug|Any CPU
		{3A071FB1-3864-4835-AA37-C00CFFB8847E}.Debug|Any CPU.Build.0 = Debug|Any CPU
		{3A071FB1-3864-4835-AA37-C00CFFB8847E}.Release|Any CPU.ActiveCfg = Release|Any CPU
		{3A071FB1-3864-4835-AA37-C00CFFB8847E}.Release|Any CPU.Build.0 = Release|Any CPU
	EndGlobalSection
	GlobalSection(SolutionProperties) = preSolution
		HideSolutionNode = FALSE
	EndGlobalSection
	GlobalSection(ExtensibilityGlobals) = postSolution
		SolutionGuid = {4AB8F40F-C897-4607-A8DB-7386D41E82CA}
	EndGlobalSection
EndGlobal
